# THIS IS AN AUTOGENERATED FILE. DO NOT EDIT THIS FILE DIRECTLY.
# yarn lockfile v1


bun-types@latest:
  version "1.0.7"
  resolved "https://registry.yarnpkg.com/bun-types/-/bun-types-1.0.7.tgz#b206cc2db0739e22befbb3f78bac2df223c58221"
  integrity sha512-zlIp+SCutbbugs6xDy+3WC3KO3zKySpF/bRfiTk/VJUdKt+WHAzlCtLplS7XglRYDFzhRhlzXMW/R5BHkw+u2Q==

hyperimport@^0.1.1:
  version "0.1.1"
  resolved "https://registry.yarnpkg.com/hyperimport/-/hyperimport-0.1.1.tgz#7162382a173dc79c9889faa9109ae5a790a99b5e"
  integrity sha512-tWq7y05vayRFSCSRJ1uiOt1e3E+04Cs6haiAAIG8y9RgMxTdDABotUGle+7Ckq1M8Zs2G14s1BBuRshIfZuzjQ==
